version = 1
requires-python = ">=3.13"
resolution-markers = [
    "sys_platform == 'darwin'",
    "platform_machine == 'aarch64' and sys_platform == 'linux'",
    "(platform_machine != 'aarch64' and sys_platform == 'linux') or (sys_platform != 'darwin' and sys_platform != 'linux')",
]

[[package]]
name = "numpy"
version = "2.3.0"
source = { registry = "https://pypi.org/simple" }
sdist = { url = "https://files.pythonhosted.org/packages/f3/db/8e12381333aea300890829a0a36bfa738cac95475d88982d538725143fd9/numpy-2.3.0.tar.gz", hash = "sha256:581f87f9e9e9db2cba2141400e160e9dd644ee248788d6f90636eeb8fd9260a6", size = 20382813 }
wheels = [
    { url = "https://files.pythonhosted.org/packages/73/fc/1d67f751fd4dbafc5780244fe699bc4084268bad44b7c5deb0492473127b/numpy-2.3.0-cp313-cp313-macosx_10_13_x86_64.whl", hash = "sha256:5754ab5595bfa2c2387d241296e0381c21f44a4b90a776c3c1d39eede13a746a", size = 20889633 },
    { url = "https://files.pythonhosted.org/packages/e8/95/73ffdb69e5c3f19ec4530f8924c4386e7ba097efc94b9c0aff607178ad94/numpy-2.3.0-cp313-cp313-macosx_11_0_arm64.whl", hash = "sha256:d11fa02f77752d8099573d64e5fe33de3229b6632036ec08f7080f46b6649959", size = 14151683 },
    { url = "https://files.pythonhosted.org/packages/64/d5/06d4bb31bb65a1d9c419eb5676173a2f90fd8da3c59f816cc54c640ce265/numpy-2.3.0-cp313-cp313-macosx_14_0_arm64.whl", hash = "sha256:aba48d17e87688a765ab1cd557882052f238e2f36545dfa8e29e6a91aef77afe", size = 5102683 },
    { url = "https://files.pythonhosted.org/packages/12/8b/6c2cef44f8ccdc231f6b56013dff1d71138c48124334aded36b1a1b30c5a/numpy-2.3.0-cp313-cp313-macosx_14_0_x86_64.whl", hash = "sha256:4dc58865623023b63b10d52f18abaac3729346a7a46a778381e0e3af4b7f3beb", size = 6640253 },
    { url = "https://files.pythonhosted.org/packages/62/aa/fca4bf8de3396ddb59544df9b75ffe5b73096174de97a9492d426f5cd4aa/numpy-2.3.0-cp313-cp313-manylinux_2_28_aarch64.whl", hash = "sha256:df470d376f54e052c76517393fa443758fefcdd634645bc9c1f84eafc67087f0", size = 14258658 },
    { url = "https://files.pythonhosted.org/packages/1c/12/734dce1087eed1875f2297f687e671cfe53a091b6f2f55f0c7241aad041b/numpy-2.3.0-cp313-cp313-manylinux_2_28_x86_64.whl", hash = "sha256:87717eb24d4a8a64683b7a4e91ace04e2f5c7c77872f823f02a94feee186168f", size = 16628765 },
    { url = "https://files.pythonhosted.org/packages/48/03/ffa41ade0e825cbcd5606a5669962419528212a16082763fc051a7247d76/numpy-2.3.0-cp313-cp313-musllinux_1_2_aarch64.whl", hash = "sha256:d8fa264d56882b59dcb5ea4d6ab6f31d0c58a57b41aec605848b6eb2ef4a43e8", size = 15564335 },
    { url = "https://files.pythonhosted.org/packages/07/58/869398a11863310aee0ff85a3e13b4c12f20d032b90c4b3ee93c3b728393/numpy-2.3.0-cp313-cp313-musllinux_1_2_x86_64.whl", hash = "sha256:e651756066a0eaf900916497e20e02fe1ae544187cb0fe88de981671ee7f6270", size = 18360608 },
    { url = "https://files.pythonhosted.org/packages/2f/8a/5756935752ad278c17e8a061eb2127c9a3edf4ba2c31779548b336f23c8d/numpy-2.3.0-cp313-cp313-win32.whl", hash = "sha256:e43c3cce3b6ae5f94696669ff2a6eafd9a6b9332008bafa4117af70f4b88be6f", size = 6310005 },
    { url = "https://files.pythonhosted.org/packages/08/60/61d60cf0dfc0bf15381eaef46366ebc0c1a787856d1db0c80b006092af84/numpy-2.3.0-cp313-cp313-win_amd64.whl", hash = "sha256:81ae0bf2564cf475f94be4a27ef7bcf8af0c3e28da46770fc904da9abd5279b5", size = 12729093 },
    { url = "https://files.pythonhosted.org/packages/66/31/2f2f2d2b3e3c32d5753d01437240feaa32220b73258c9eef2e42a0832866/numpy-2.3.0-cp313-cp313-win_arm64.whl", hash = "sha256:c8738baa52505fa6e82778580b23f945e3578412554d937093eac9205e845e6e", size = 9885689 },
    { url = "https://files.pythonhosted.org/packages/f1/89/c7828f23cc50f607ceb912774bb4cff225ccae7131c431398ad8400e2c98/numpy-2.3.0-cp313-cp313t-macosx_10_13_x86_64.whl", hash = "sha256:39b27d8b38942a647f048b675f134dd5a567f95bfff481f9109ec308515c51d8", size = 20986612 },
    { url = "https://files.pythonhosted.org/packages/dd/46/79ecf47da34c4c50eedec7511e53d57ffdfd31c742c00be7dc1d5ffdb917/numpy-2.3.0-cp313-cp313t-macosx_11_0_arm64.whl", hash = "sha256:0eba4a1ea88f9a6f30f56fdafdeb8da3774349eacddab9581a21234b8535d3d3", size = 14298953 },
    { url = "https://files.pythonhosted.org/packages/59/44/f6caf50713d6ff4480640bccb2a534ce1d8e6e0960c8f864947439f0ee95/numpy-2.3.0-cp313-cp313t-macosx_14_0_arm64.whl", hash = "sha256:b0f1f11d0a1da54927436505a5a7670b154eac27f5672afc389661013dfe3d4f", size = 5225806 },
    { url = "https://files.pythonhosted.org/packages/a6/43/e1fd1aca7c97e234dd05e66de4ab7a5be54548257efcdd1bc33637e72102/numpy-2.3.0-cp313-cp313t-macosx_14_0_x86_64.whl", hash = "sha256:690d0a5b60a47e1f9dcec7b77750a4854c0d690e9058b7bef3106e3ae9117808", size = 6735169 },
    { url = "https://files.pythonhosted.org/packages/84/89/f76f93b06a03177c0faa7ca94d0856c4e5c4bcaf3c5f77640c9ed0303e1c/numpy-2.3.0-cp313-cp313t-manylinux_2_28_aarch64.whl", hash = "sha256:8b51ead2b258284458e570942137155978583e407babc22e3d0ed7af33ce06f8", size = 14330701 },
    { url = "https://files.pythonhosted.org/packages/aa/f5/4858c3e9ff7a7d64561b20580cf7cc5d085794bd465a19604945d6501f6c/numpy-2.3.0-cp313-cp313t-manylinux_2_28_x86_64.whl", hash = "sha256:aaf81c7b82c73bd9b45e79cfb9476cb9c29e937494bfe9092c26aece812818ad", size = 16692983 },
    { url = "https://files.pythonhosted.org/packages/08/17/0e3b4182e691a10e9483bcc62b4bb8693dbf9ea5dc9ba0b77a60435074bb/numpy-2.3.0-cp313-cp313t-musllinux_1_2_aarch64.whl", hash = "sha256:f420033a20b4f6a2a11f585f93c843ac40686a7c3fa514060a97d9de93e5e72b", size = 15641435 },
    { url = "https://files.pythonhosted.org/packages/4e/d5/463279fda028d3c1efa74e7e8d507605ae87f33dbd0543cf4c4527c8b882/numpy-2.3.0-cp313-cp313t-musllinux_1_2_x86_64.whl", hash = "sha256:d344ca32ab482bcf8735d8f95091ad081f97120546f3d250240868430ce52555", size = 18433798 },
    { url = "https://files.pythonhosted.org/packages/0e/1e/7a9d98c886d4c39a2b4d3a7c026bffcf8fbcaf518782132d12a301cfc47a/numpy-2.3.0-cp313-cp313t-win32.whl", hash = "sha256:48a2e8eaf76364c32a1feaa60d6925eaf32ed7a040183b807e02674305beef61", size = 6438632 },
    { url = "https://files.pythonhosted.org/packages/fe/ab/66fc909931d5eb230107d016861824f335ae2c0533f422e654e5ff556784/numpy-2.3.0-cp313-cp313t-win_amd64.whl", hash = "sha256:ba17f93a94e503551f154de210e4d50c5e3ee20f7e7a1b5f6ce3f22d419b93bb", size = 12868491 },
    { url = "https://files.pythonhosted.org/packages/ee/e8/2c8a1c9e34d6f6d600c83d5ce5b71646c32a13f34ca5c518cc060639841c/numpy-2.3.0-cp313-cp313t-win_arm64.whl", hash = "sha256:f14e016d9409680959691c109be98c436c6249eaf7f118b424679793607b5944", size = 9935345 },
]

[[package]]
name = "opencv-gui"
version = "0.1.0"
source = { virtual = "." }
dependencies = [
    { name = "numpy" },
    { name = "opencv-python" },
    { name = "pyside6" },
    { name = "qtpy" },
]

[package.metadata]
requires-dist = [
    { name = "numpy", specifier = ">=2.3.0" },
    { name = "opencv-python", specifier = ">=4.11.0.86" },
    { name = "pyside6", specifier = ">=6.9.1" },
    { name = "qtpy", specifier = ">=2.4.3" },
]

[[package]]
name = "opencv-python"
version = "4.11.0.86"
source = { registry = "https://pypi.org/simple" }
dependencies = [
    { name = "numpy" },
]
sdist = { url = "https://files.pythonhosted.org/packages/17/06/68c27a523103dad5837dc5b87e71285280c4f098c60e4fe8a8db6486ab09/opencv-python-4.11.0.86.tar.gz", hash = "sha256:03d60ccae62304860d232272e4a4fda93c39d595780cb40b161b310244b736a4", size = 95171956 }
wheels = [
    { url = "https://files.pythonhosted.org/packages/05/4d/53b30a2a3ac1f75f65a59eb29cf2ee7207ce64867db47036ad61743d5a23/opencv_python-4.11.0.86-cp37-abi3-macosx_13_0_arm64.whl", hash = "sha256:432f67c223f1dc2824f5e73cdfcd9db0efc8710647d4e813012195dc9122a52a", size = 37326322 },
    { url = "https://files.pythonhosted.org/packages/3b/84/0a67490741867eacdfa37bc18df96e08a9d579583b419010d7f3da8ff503/opencv_python-4.11.0.86-cp37-abi3-macosx_13_0_x86_64.whl", hash = "sha256:9d05ef13d23fe97f575153558653e2d6e87103995d54e6a35db3f282fe1f9c66", size = 56723197 },
    { url = "https://files.pythonhosted.org/packages/f3/bd/29c126788da65c1fb2b5fb621b7fed0ed5f9122aa22a0868c5e2c15c6d23/opencv_python-4.11.0.86-cp37-abi3-manylinux_2_17_aarch64.manylinux2014_aarch64.whl", hash = "sha256:1b92ae2c8852208817e6776ba1ea0d6b1e0a1b5431e971a2a0ddd2a8cc398202", size = 42230439 },
    { url = "https://files.pythonhosted.org/packages/2c/8b/90eb44a40476fa0e71e05a0283947cfd74a5d36121a11d926ad6f3193cc4/opencv_python-4.11.0.86-cp37-abi3-manylinux_2_17_x86_64.manylinux2014_x86_64.whl", hash = "sha256:6b02611523803495003bd87362db3e1d2a0454a6a63025dc6658a9830570aa0d", size = 62986597 },
    { url = "https://files.pythonhosted.org/packages/fb/d7/1d5941a9dde095468b288d989ff6539dd69cd429dbf1b9e839013d21b6f0/opencv_python-4.11.0.86-cp37-abi3-win32.whl", hash = "sha256:810549cb2a4aedaa84ad9a1c92fbfdfc14090e2749cedf2c1589ad8359aa169b", size = 29384337 },
    { url = "https://files.pythonhosted.org/packages/a4/7d/f1c30a92854540bf789e9cd5dde7ef49bbe63f855b85a2e6b3db8135c591/opencv_python-4.11.0.86-cp37-abi3-win_amd64.whl", hash = "sha256:085ad9b77c18853ea66283e98affefe2de8cc4c1f43eda4c100cf9b2721142ec", size = 39488044 },
]

[[package]]
name = "packaging"
version = "25.0"
source = { registry = "https://pypi.org/simple" }
sdist = { url = "https://files.pythonhosted.org/packages/a1/d4/1fc4078c65507b51b96ca8f8c3ba19e6a61c8253c72794544580a7b6c24d/packaging-25.0.tar.gz", hash = "sha256:d443872c98d677bf60f6a1f2f8c1cb748e8fe762d2bf9d3148b5599295b0fc4f", size = 165727 }
wheels = [
    { url = "https://files.pythonhosted.org/packages/20/12/38679034af332785aac8774540895e234f4d07f7545804097de4b666afd8/packaging-25.0-py3-none-any.whl", hash = "sha256:29572ef2b1f17581046b3a2227d5c611fb25ec70ca1ba8554b24b0e69331a484", size = 66469 },
]

[[package]]
name = "pyside6"
version = "6.9.1"
source = { registry = "https://pypi.org/simple" }
dependencies = [
    { name = "pyside6-addons" },
    { name = "pyside6-essentials" },
    { name = "shiboken6" },
]
wheels = [
    { url = "https://files.pythonhosted.org/packages/14/91/8e9c7f7e90431297de9856e90a156ade9420977e26d87996909c63f30bd2/PySide6-6.9.1-cp39-abi3-macosx_12_0_universal2.whl", hash = "sha256:f843ef39970a2f79757810fffd7b8e93ac42a3de9ea62f2a03648cde57648aed", size = 558097 },
    { url = "https://files.pythonhosted.org/packages/d7/ff/04d1b6b30edd24d761cc30d964860f997bdf37d06620694bf9aab35eec3a/PySide6-6.9.1-cp39-abi3-manylinux_2_28_x86_64.whl", hash = "sha256:db44ac08b8f7ac1b421bc1c6a44200d03f08d80dc7b3f68dfdb1684f30f41c17", size = 558239 },
    { url = "https://files.pythonhosted.org/packages/3c/b4/ca076c55c11a8e473363e05aa82c5c03dd7ba8f17b77cc9311ce17213193/PySide6-6.9.1-cp39-abi3-manylinux_2_39_aarch64.whl", hash = "sha256:531a6e67c429b045674d57fe9864b711eb59e4cded753c2640982e368fd468d1", size = 558239 },
    { url = "https://files.pythonhosted.org/packages/83/ff/95c941f53b0faebc27dbe361d8e971b77f504b9cf36f8f5d750fd82cd6fc/PySide6-6.9.1-cp39-abi3-win_amd64.whl", hash = "sha256:c82dbb7d32bbdd465e01059174f71bddc97de152ab71bded3f1907c40f9a5f16", size = 564571 },
    { url = "https://files.pythonhosted.org/packages/d1/ef/0aa5e910fa4e9770db6b45c23e360a52313922e0ca71fc060a57db613de1/PySide6-6.9.1-cp39-abi3-win_arm64.whl", hash = "sha256:1525d63dc6dc425b8c2dc5bc01a8cb1d67530401449f3a3490c09a14c095b9f9", size = 401793 },
]

[[package]]
name = "pyside6-addons"
version = "6.9.1"
source = { registry = "https://pypi.org/simple" }
dependencies = [
    { name = "pyside6-essentials" },
    { name = "shiboken6" },
]
wheels = [
    { url = "https://files.pythonhosted.org/packages/e7/e2/39b9e04335d7ac782b6459bf7abec90c36b8efaac5a88ef818e972c59387/PySide6_Addons-6.9.1-cp39-abi3-macosx_12_0_universal2.whl", hash = "sha256:7be0708fa89715c282541fca47e2ba97c0c8d2886e0236ef994b2dd8f52aacdd", size = 316212438 },
    { url = "https://files.pythonhosted.org/packages/cf/6f/691d7039a6f7943522a770b713ecd85fa169688dfdd65ddd4db1699d01b6/PySide6_Addons-6.9.1-cp39-abi3-manylinux_2_28_x86_64.whl", hash = "sha256:da7869b02e3599d26546fad582db4656060786bc5ec8ece5ec9ee8aa8b42371c", size = 166690468 },
    { url = "https://files.pythonhosted.org/packages/9d/08/a264db09ad35819643d910cd4c73a86f72f23b7092f8ebc7e51dcca53a86/PySide6_Addons-6.9.1-cp39-abi3-manylinux_2_39_aarch64.whl", hash = "sha256:53fd08c8152b6ba8c435458afd189835ba905793a5077a2bb0b1b11222b375d4", size = 162466096 },
    { url = "https://files.pythonhosted.org/packages/84/be/a849402f7e73d137b5ae8b4370a49b0cf0e0c02f028b845782cb743e4995/PySide6_Addons-6.9.1-cp39-abi3-win_amd64.whl", hash = "sha256:cd93a3a5e3886cd958f3a5acc7c061c24f10a394ce9f4ce657ac394544ca7ec2", size = 143150906 },
    { url = "https://files.pythonhosted.org/packages/2a/f1/1bb6b5859aff4e2b3f5ef789b9cee200811a9f469f04d9aa7425e816622b/PySide6_Addons-6.9.1-cp39-abi3-win_arm64.whl", hash = "sha256:4f589631bdceb518080ae9c9fa288e64f092cd5bebe25adc8ad89e8eadd4db29", size = 26938762 },
]

[[package]]
name = "pyside6-essentials"
version = "6.9.1"
source = { registry = "https://pypi.org/simple" }
dependencies = [
    { name = "shiboken6" },
]
wheels = [
    { url = "https://files.pythonhosted.org/packages/8a/59/714874db9ef3bbbbda654fd3223248969bea02ec1a5bfdd1c941c4e97749/PySide6_Essentials-6.9.1-cp39-abi3-macosx_12_0_universal2.whl", hash = "sha256:ed43435a70e018e1c22efcaf34a9430b83cfcad716dba661b03de21c13322fab", size = 132957077 },
    { url = "https://files.pythonhosted.org/packages/59/6a/ea0db68d40a1c487fd255634896f4e37b6560e3ef1f57ca5139bf6509b1f/PySide6_Essentials-6.9.1-cp39-abi3-manylinux_2_28_x86_64.whl", hash = "sha256:e5da48883f006c6206ef85874db74ddebcdf69b0281bd4f1642b1c5ac1d54aea", size = 96416183 },
    { url = "https://files.pythonhosted.org/packages/5b/2f/4243630d1733522638c4967d36018c38719d8b84f5246bf3d4c010e0aa9d/PySide6_Essentials-6.9.1-cp39-abi3-manylinux_2_39_aarch64.whl", hash = "sha256:e46a2801c9c6098025515fd0af6c594b9e9c951842f68b8f6f3da9858b9b26c2", size = 94171343 },
    { url = "https://files.pythonhosted.org/packages/0d/a9/a8e0209ba9116f2c2db990cfb79f2edbd5a3a428013be2df1f1cddd660a9/PySide6_Essentials-6.9.1-cp39-abi3-win_amd64.whl", hash = "sha256:ad1ac94011492dba33051bc33db1c76a7d6f815a81c01422cb6220273b369145", size = 72435676 },
    { url = "https://files.pythonhosted.org/packages/d0/e4/23268c57e775a1a4d2843d288a9583a47f2e4b3977a9ae93cb9ded1a4ea5/PySide6_Essentials-6.9.1-cp39-abi3-win_arm64.whl", hash = "sha256:35c2c2bb4a88db74d11e638cf917524ff35785883f10b439ead07960a5733aa4", size = 49483707 },
]

[[package]]
name = "qtpy"
version = "2.4.3"
source = { registry = "https://pypi.org/simple" }
dependencies = [
    { name = "packaging" },
]
sdist = { url = "https://files.pythonhosted.org/packages/70/01/392eba83c8e47b946b929d7c46e0f04b35e9671f8bb6fc36b6f7945b4de8/qtpy-2.4.3.tar.gz", hash = "sha256:db744f7832e6d3da90568ba6ccbca3ee2b3b4a890c3d6fbbc63142f6e4cdf5bb", size = 66982 }
wheels = [
    { url = "https://files.pythonhosted.org/packages/69/76/37c0ccd5ab968a6a438f9c623aeecc84c202ab2fabc6a8fd927580c15b5a/QtPy-2.4.3-py3-none-any.whl", hash = "sha256:72095afe13673e017946cc258b8d5da43314197b741ed2890e563cf384b51aa1", size = 95045 },
]

[[package]]
name = "shiboken6"
version = "6.9.1"
source = { registry = "https://pypi.org/simple" }
wheels = [
    { url = "https://files.pythonhosted.org/packages/98/98/34d4d25b79055959b171420d47fcc10121aefcbb261c91d5491252830e31/shiboken6-6.9.1-cp39-abi3-macosx_12_0_universal2.whl", hash = "sha256:40e92afc88da06b5100c56b761e59837ff282166e9531268f3d910b6128e621e", size = 406159 },
    { url = "https://files.pythonhosted.org/packages/5a/07/53b2532ecd42ff925feb06b7bb16917f5f99f9c3470f0815c256789d818b/shiboken6-6.9.1-cp39-abi3-manylinux_2_28_x86_64.whl", hash = "sha256:efcdfa8655d34aaf8d7a0c7724def3440bd46db02f5ad3b1785db5f6ccb0a8ff", size = 206756 },
    { url = "https://files.pythonhosted.org/packages/5e/b0/75b86ee3f7b044e6a87fbe7abefd1948ca4ae5fcde8321f4986a1d9eaa5e/shiboken6-6.9.1-cp39-abi3-manylinux_2_39_aarch64.whl", hash = "sha256:efcf75d48a29ae072d0bf54b3cd5a59ae91bb6b3ab7459e17c769355486c2e0b", size = 203233 },
    { url = "https://files.pythonhosted.org/packages/30/56/00af281275aab4c79e22e0ea65feede0a5c6da3b84e86b21a4a0071e0744/shiboken6-6.9.1-cp39-abi3-win_amd64.whl", hash = "sha256:209ccf02c135bd70321143dcbc5023ae0c056aa4850a845955dd2f9b2ff280a9", size = 1153587 },
    { url = "https://files.pythonhosted.org/packages/de/ce/6ccd382fbe1a96926c5514afa6f2c42da3a9a8482e61f8dfc6068a9ca64f/shiboken6-6.9.1-cp39-abi3-win_arm64.whl", hash = "sha256:2a39997ce275ced7853defc89d3a1f19a11c90991ac6eef3435a69bb0b7ff1de", size = 1831623 },
]
